{
  "requires": true,
  "lockfileVersion": 1,
  "dependencies": {
    "rage-rpc": {
      "version": "0.3.0",
      "resolved": "https://registry.npmjs.org/rage-rpc/-/rage-rpc-0.3.0.tgz",
      "integrity": "sha512-qPAnKsWnBRTJ0Sdk/04WzAfOUPobOKA8Atjc3oyV5gVslXFUklAEIon8/BkoZG7kEuAeZ/wBcRtB7XNDTHIKaA=="
    }
  }
}
